
Microsoft Visual Studio Solution File, Format Version 12.00
# Visual Studio Version 17
VisualStudioVersion = 17.9.34714.143
MinimumVisualStudioVersion = 10.0.40219.1
Project("{FAE04EC0-301F-11D3-BF4B-00C04F79EFBC}") = "ConsoleApp1", "ConsoleApp1\ConsoleApp1.csproj", "{B7AE177F-954F-4989-9E99-97F935353A20}"
EndProject
Global
	GlobalSection(SolutionConfigurationPlatforms) = preSolution
		Debug|Any CPU = Debug|Any CPU
		Release|Any CPU = Release|Any CPU
	EndGlobalSection
	GlobalSection(ProjectConfigurationPlatforms) = postSolution
		{B7AE177F-954F-4989-9E99-97F935353A20}.Debug|Any CPU.ActiveCfg = Debug|Any CPU
		{B7AE177F-954F-4989-9E99-97F935353A20}.Debug|Any CPU.Build.0 = Debug|Any CPU
		{B7AE177F-954F-4989-9E99-97F935353A20}.Release|Any CPU.ActiveCfg = Release|Any CPU
		{B7AE177F-954F-4989-9E99-97F935353A20}.Release|Any CPU.Build.0 = Release|Any CPU
	EndGlobalSection
	GlobalSection(SolutionProperties) = preSolution
		HideSolutionNode = FALSE
	EndGlobalSection
	GlobalSection(ExtensibilityGlobals) = postSolution
		SolutionGuid = {085C91A5-022C-41C6-A4C7-9E8FADBD3176}
	EndGlobalSection
EndGlobal
